
Microsoft Visual Studio Solution File, Format Version 12.00
# Visual Studio Version 17
VisualStudioVersion = 17.14.36221.1 d17.14
MinimumVisualStudioVersion = 10.0.40219.1
Project("{FAE04EC0-301F-11D3-BF4B-00C04F79EFBC}") = "Listener_Yape", "Listener_Yape.csproj", "{8719621D-27C3-48E5-B57F-C0C9DB7C14CA}"
EndProject
Global
	GlobalSection(SolutionConfigurationPlatforms) = preSolution
		Debug|Any CPU = Debug|Any CPU
		Release|Any CPU = Release|Any CPU
	EndGlobalSection
	GlobalSection(ProjectConfigurationPlatforms) = postSolution
		{8719621D-27C3-48E5-B57F-C0C9DB7C14CA}.Debug|Any CPU.ActiveCfg = Debug|Any CPU
		{8719621D-27C3-48E5-B57F-C0C9DB7C14CA}.Debug|Any CPU.Build.0 = Debug|Any CPU
		{8719621D-27C3-48E5-B57F-C0C9DB7C14CA}.Release|Any CPU.ActiveCfg = Release|Any CPU
		{8719621D-27C3-48E5-B57F-C0C9DB7C14CA}.Release|Any CPU.Build.0 = Release|Any CPU
	EndGlobalSection
	GlobalSection(SolutionProperties) = preSolution
		HideSolutionNode = FALSE
	EndGlobalSection
	GlobalSection(ExtensibilityGlobals) = postSolution
		SolutionGuid = {8257477C-FA4E-4EDB-93CF-9BD098E95786}
	EndGlobalSection
EndGlobal
